// !$*UTF8*$!
{
	archiveVersion = 1;
	classes = {
	};
	objectVersion = 46;
	objects = {

/* Begin PBXBuildFile section */
		0E0B62F21E81B96600EE5B80 /* Songs.swift in Sources */ = {isa = PBXBuildFile; fileRef = 0E0B62F11E81B96600EE5B80 /* Songs.swift */; };
		0E21507D1E7DB19F0011497F /* t_Do.wav in Resources */ = {isa = PBXBuildFile; fileRef = 0E21507A1E7DB19F0011497F /* t_Do.wav */; };
		0E21507E1E7DB19F0011497F /* t_Mi.wav in Resources */ = {isa = PBXBuildFile; fileRef = 0E21507B1E7DB19F0011497F /* t_Mi.wav */; };
		0E21507F1E7DB19F0011497F /* t_Re.wav in Resources */ = {isa = PBXBuildFile; fileRef = 0E21507C1E7DB19F0011497F /* t_Re.wav */; };
		0E2150811E7DC8AC0011497F /* t_Fa.wav in Resources */ = {isa = PBXBuildFile; fileRef = 0E2150801E7DC8AC0011497F /* t_Fa.wav */; };
		0E2150831E7DC8B50011497F /* t_So.wav in Resources */ = {isa = PBXBuildFile; fileRef = 0E2150821E7DC8B50011497F /* t_So.wav */; };
		0E2150851E7DC8BB0011497F /* t_La.wav in Resources */ = {isa = PBXBuildFile; fileRef = 0E2150841E7DC8BB0011497F /* t_La.wav */; };
		0E2150871E7DC8C20011497F /* t_Ti.wav in Resources */ = {isa = PBXBuildFile; fileRef = 0E2150861E7DC8C20011497F /* t_Ti.wav */; };
		0E2150891E7DC8D50011497F /* t_Do_h.wav in Resources */ = {isa = PBXBuildFile; fileRef = 0E2150881E7DC8D50011497F /* t_Do_h.wav */; };
		0E21508B1E7DC8DF0011497F /* t_Re_h.wav in Resources */ = {isa = PBXBuildFile; fileRef = 0E21508A1E7DC8DF0011497F /* t_Re_h.wav */; };
		0E21508D1E7DC8E50011497F /* t_Mi_h.wav in Resources */ = {isa = PBXBuildFile; fileRef = 0E21508C1E7DC8E50011497F /* t_Mi_h.wav */; };
		0E21508F1E7DC8EC0011497F /* t_Fa_h.wav in Resources */ = {isa = PBXBuildFile; fileRef = 0E21508E1E7DC8EC0011497F /* t_Fa_h.wav */; };
		0E2150911E7DC8F30011497F /* t_So_h.wav in Resources */ = {isa = PBXBuildFile; fileRef = 0E2150901E7DC8F30011497F /* t_So_h.wav */; };
		0E2150931E7DC8FA0011497F /* t_La_h.wav in Resources */ = {isa = PBXBuildFile; fileRef = 0E2150921E7DC8FA0011497F /* t_La_h.wav */; };
		0E2150951E7DC9040011497F /* t_Ti_h.wav in Resources */ = {isa = PBXBuildFile; fileRef = 0E2150941E7DC9040011497F /* t_Ti_h.wav */; };
		0E2150971E7DE57C0011497F /* ComposedNotes.swift in Sources */ = {isa = PBXBuildFile; fileRef = 0E2150961E7DE57C0011497F /* ComposedNotes.swift */; };
		0E274B5F1E7F50DF0050E394 /* d_double.wav in Resources */ = {isa = PBXBuildFile; fileRef = 0E274B5E1E7F50DF0050E394 /* d_double.wav */; };
		0E274B611E7F50EC0050E394 /* d_single.wav in Resources */ = {isa = PBXBuildFile; fileRef = 0E274B601E7F50EC0050E394 /* d_single.wav */; };
		0E274B631E7F50F60050E394 /* d_triple.wav in Resources */ = {isa = PBXBuildFile; fileRef = 0E274B621E7F50F60050E394 /* d_triple.wav */; };
		0E274B651E7F62960050E394 /* SaxphoneNotes.swift in Sources */ = {isa = PBXBuildFile; fileRef = 0E274B641E7F62960050E394 /* SaxphoneNotes.swift */; };
		0E274B671E7F62DE0050E394 /* SaxphoneNoteButtons.swift in Sources */ = {isa = PBXBuildFile; fileRef = 0E274B661E7F62DE0050E394 /* SaxphoneNoteButtons.swift */; };
		0E274B691E7F63300050E394 /* SaxphoneSlots.swift in Sources */ = {isa = PBXBuildFile; fileRef = 0E274B681E7F63300050E394 /* SaxphoneSlots.swift */; };
		0E274B711E7F7C2B0050E394 /* s_Do_h.wav in Resources */ = {isa = PBXBuildFile; fileRef = 0E274B6C1E7F7C2B0050E394 /* s_Do_h.wav */; };
		0E274B721E7F7C2B0050E394 /* s_Do.wav in Resources */ = {isa = PBXBuildFile; fileRef = 0E274B6D1E7F7C2B0050E394 /* s_Do.wav */; };
		0E274B731E7F7C2B0050E394 /* s_Fa_h.wav in Resources */ = {isa = PBXBuildFile; fileRef = 0E274B6E1E7F7C2B0050E394 /* s_Fa_h.wav */; };
		0E274B741E7F7C2B0050E394 /* s_Fa.wav in Resources */ = {isa = PBXBuildFile; fileRef = 0E274B6F1E7F7C2B0050E394 /* s_Fa.wav */; };
		0E274B751E7F7C2B0050E394 /* s_La_h.wav in Resources */ = {isa = PBXBuildFile; fileRef = 0E274B701E7F7C2B0050E394 /* s_La_h.wav */; };
		0E274B7A1E7F7C3A0050E394 /* s_La.wav in Resources */ = {isa = PBXBuildFile; fileRef = 0E274B761E7F7C3A0050E394 /* s_La.wav */; };
		0E274B7B1E7F7C3A0050E394 /* s_Mi_h.wav in Resources */ = {isa = PBXBuildFile; fileRef = 0E274B771E7F7C3A0050E394 /* s_Mi_h.wav */; };
		0E274B7C1E7F7C3A0050E394 /* s_Mi.wav in Resources */ = {isa = PBXBuildFile; fileRef = 0E274B781E7F7C3A0050E394 /* s_Mi.wav */; };
		0E274B7D1E7F7C3A0050E394 /* s_Re_h.wav in Resources */ = {isa = PBXBuildFile; fileRef = 0E274B791E7F7C3A0050E394 /* s_Re_h.wav */; };
		0E274B831E7F7C470050E394 /* s_Re.wav in Resources */ = {isa = PBXBuildFile; fileRef = 0E274B7E1E7F7C470050E394 /* s_Re.wav */; };
		0E274B841E7F7C470050E394 /* s_So_h.wav in Resources */ = {isa = PBXBuildFile; fileRef = 0E274B7F1E7F7C470050E394 /* s_So_h.wav */; };
		0E274B851E7F7C470050E394 /* s_So.wav in Resources */ = {isa = PBXBuildFile; fileRef = 0E274B801E7F7C470050E394 /* s_So.wav */; };
		0E274B861E7F7C470050E394 /* s_Ti_h.wav in Resources */ = {isa = PBXBuildFile; fileRef = 0E274B811E7F7C470050E394 /* s_Ti_h.wav */; };
		0E274B871E7F7C470050E394 /* s_Ti.wav in Resources */ = {isa = PBXBuildFile; fileRef = 0E274B821E7F7C470050E394 /* s_Ti.wav */; };
		0E274B8A1E8079820050E394 /* Band.swift in Sources */ = {isa = PBXBuildFile; fileRef = 0E274B891E8079820050E394 /* Band.swift */; };
		0E274B8C1E807C970050E394 /* Size.swift in Sources */ = {isa = PBXBuildFile; fileRef = 0E274B8B1E807C970050E394 /* Size.swift */; };
		0E3673FC1E7C74D7004C4E9F /* TromboneNotes.swift in Sources */ = {isa = PBXBuildFile; fileRef = 0E3673FB1E7C74D7004C4E9F /* TromboneNotes.swift */; };
		0E3673FE1E7C7838004C4E9F /* TromboneNoteButtons.swift in Sources */ = {isa = PBXBuildFile; fileRef = 0E3673FD1E7C7838004C4E9F /* TromboneNoteButtons.swift */; };
		0E3674001E7C7B57004C4E9F /* NoteSlots.swift in Sources */ = {isa = PBXBuildFile; fileRef = 0E3673FF1E7C7B57004C4E9F /* NoteSlots.swift */; };
		0E3674021E7C7D90004C4E9F /* TromboneSlots.swift in Sources */ = {isa = PBXBuildFile; fileRef = 0E3674011E7C7D90004C4E9F /* TromboneSlots.swift */; };
		0E3674041E7C8097004C4E9F /* Instruments.swift in Sources */ = {isa = PBXBuildFile; fileRef = 0E3674031E7C8097004C4E9F /* Instruments.swift */; };
		0E50D9DD1E8465EF009C8E3C /* SharedNoneNotes.swift in Sources */ = {isa = PBXBuildFile; fileRef = 0E50D9DC1E8465EF009C8E3C /* SharedNoneNotes.swift */; };
		0E50D9DF1E84B2B9009C8E3C /* InfoView.swift in Sources */ = {isa = PBXBuildFile; fileRef = 0E50D9DE1E84B2B9009C8E3C /* InfoView.swift */; };
		0E54E4CC1E870C8D00F9996F /* t_None.wav in Resources */ = {isa = PBXBuildFile; fileRef = 0E54E4CB1E870C8D00F9996F /* t_None.wav */; };
		0E54E4CE1E870C9D00F9996F /* s_None.wav in Resources */ = {isa = PBXBuildFile; fileRef = 0E54E4CD1E870C9D00F9996F /* s_None.wav */; };
		0E54E4D01E870CA800F9996F /* v_None.wav in Resources */ = {isa = PBXBuildFile; fileRef = 0E54E4CF1E870CA800F9996F /* v_None.wav */; };
		0E54E4D21E870CBA00F9996F /* d_None.wav in Resources */ = {isa = PBXBuildFile; fileRef = 0E54E4D11E870CBA00F9996F /* d_None.wav */; };
		0E5F0F5D1E83424E00C32CA8 /* SplashScreen.swift in Sources */ = {isa = PBXBuildFile; fileRef = 0E5F0F5C1E83424E00C32CA8 /* SplashScreen.swift */; };
		0E5F95211E85E4360044EC44 /* SheetMusicView.swift in Sources */ = {isa = PBXBuildFile; fileRef = 0E5F95201E85E4360044EC44 /* SheetMusicView.swift */; };
		0E691DC01E7F14E7000B761A /* EditPannel.swift in Sources */ = {isa = PBXBuildFile; fileRef = 0E691DBF1E7F14E7000B761A /* EditPannel.swift */; };
		0E691DC21E7F49B3000B761A /* DrumNotes.swift in Sources */ = {isa = PBXBuildFile; fileRef = 0E691DC11E7F49B3000B761A /* DrumNotes.swift */; };
		0E691DCB1E7F4A62000B761A /* DrumNoteButtons.swift in Sources */ = {isa = PBXBuildFile; fileRef = 0E691DCA1E7F4A62000B761A /* DrumNoteButtons.swift */; };
		0E691DCD1E7F4A9C000B761A /* DrumSlots.swift in Sources */ = {isa = PBXBuildFile; fileRef = 0E691DCC1E7F4A9C000B761A /* DrumSlots.swift */; };
		0E9D96E11E81CD1200EAC043 /* SharedAudioPlayer.swift in Sources */ = {isa = PBXBuildFile; fileRef = 0E9D96E01E81CD1200EAC043 /* SharedAudioPlayer.swift */; };
		0E9D96E31E81D4B000EAC043 /* clapping.wav in Resources */ = {isa = PBXBuildFile; fileRef = 0E9D96E21E81D4B000EAC043 /* clapping.wav */; };
		0E9D96E51E81DC4D00EAC043 /* LightingView.swift in Sources */ = {isa = PBXBuildFile; fileRef = 0E9D96E41E81DC4D00EAC043 /* LightingView.swift */; };
		0EE481311E8456E200DF746A /* v_Do_h.wav in Resources */ = {isa = PBXBuildFile; fileRef = 0EE481231E8456E200DF746A /* v_Do_h.wav */; };
		0EE481321E8456E200DF746A /* v_Do.wav in Resources */ = {isa = PBXBuildFile; fileRef = 0EE481241E8456E200DF746A /* v_Do.wav */; };
		0EE481331E8456E200DF746A /* v_Fa_h.wav in Resources */ = {isa = PBXBuildFile; fileRef = 0EE481251E8456E200DF746A /* v_Fa_h.wav */; };
		0EE481341E8456E200DF746A /* v_Fa.wav in Resources */ = {isa = PBXBuildFile; fileRef = 0EE481261E8456E200DF746A /* v_Fa.wav */; };
		0EE481351E8456E200DF746A /* v_La_h.wav in Resources */ = {isa = PBXBuildFile; fileRef = 0EE481271E8456E200DF746A /* v_La_h.wav */; };
		0EE481361E8456E200DF746A /* v_La.wav in Resources */ = {isa = PBXBuildFile; fileRef = 0EE481281E8456E200DF746A /* v_La.wav */; };
		0EE481371E8456E200DF746A /* v_Mi_h.wav in Resources */ = {isa = PBXBuildFile; fileRef = 0EE481291E8456E200DF746A /* v_Mi_h.wav */; };
		0EE481381E8456E200DF746A /* v_Mi.wav in Resources */ = {isa = PBXBuildFile; fileRef = 0EE4812A1E8456E200DF746A /* v_Mi.wav */; };
		0EE481391E8456E200DF746A /* v_Re_h.wav in Resources */ = {isa = PBXBuildFile; fileRef = 0EE4812B1E8456E200DF746A /* v_Re_h.wav */; };
		0EE4813A1E8456E200DF746A /* v_Re.wav in Resources */ = {isa = PBXBuildFile; fileRef = 0EE4812C1E8456E200DF746A /* v_Re.wav */; };
		0EE4813B1E8456E200DF746A /* v_So_h.wav in Resources */ = {isa = PBXBuildFile; fileRef = 0EE4812D1E8456E200DF746A /* v_So_h.wav */; };
		0EE4813C1E8456E200DF746A /* v_So.wav in Resources */ = {isa = PBXBuildFile; fileRef = 0EE4812E1E8456E200DF746A /* v_So.wav */; };
		0EE4813D1E8456E200DF746A /* v_Ti_h.wav in Resources */ = {isa = PBXBuildFile; fileRef = 0EE4812F1E8456E200DF746A /* v_Ti_h.wav */; };
		0EE4813E1E8456E200DF746A /* v_Ti.wav in Resources */ = {isa = PBXBuildFile; fileRef = 0EE481301E8456E200DF746A /* v_Ti.wav */; };
		0EE481421E8457B500DF746A /* ViolinNotes.swift in Sources */ = {isa = PBXBuildFile; fileRef = 0EE481411E8457B500DF746A /* ViolinNotes.swift */; };
		0EE481441E84584100DF746A /* ViolinNoteButtons.swift in Sources */ = {isa = PBXBuildFile; fileRef = 0EE481431E84584100DF746A /* ViolinNoteButtons.swift */; };
		0EE481461E8458CE00DF746A /* ViolinSlots.swift in Sources */ = {isa = PBXBuildFile; fileRef = 0EE481451E8458CE00DF746A /* ViolinSlots.swift */; };
		0EEBC1321E7B4B8400E473D0 /* AppDelegate.swift in Sources */ = {isa = PBXBuildFile; fileRef = 0EEBC1311E7B4B8400E473D0 /* AppDelegate.swift */; };
		0EEBC1341E7B4B8400E473D0 /* ViewController.swift in Sources */ = {isa = PBXBuildFile; fileRef = 0EEBC1331E7B4B8400E473D0 /* ViewController.swift */; };
		0EEBC1371E7B4B8400E473D0 /* Main.storyboard in Resources */ = {isa = PBXBuildFile; fileRef = 0EEBC1351E7B4B8400E473D0 /* Main.storyboard */; };
		0EEBC1391E7B4B8400E473D0 /* Assets.xcassets in Resources */ = {isa = PBXBuildFile; fileRef = 0EEBC1381E7B4B8400E473D0 /* Assets.xcassets */; };
		0EEBC13C1E7B4B8400E473D0 /* LaunchScreen.storyboard in Resources */ = {isa = PBXBuildFile; fileRef = 0EEBC13A1E7B4B8400E473D0 /* LaunchScreen.storyboard */; };
		0EEBC1441E7B4CE500E473D0 /* Notes.swift in Sources */ = {isa = PBXBuildFile; fileRef = 0EEBC1431E7B4CE500E473D0 /* Notes.swift */; };
		0EEBC1481E7B4DE300E473D0 /* t_Do.mp3 in Resources */ = {isa = PBXBuildFile; fileRef = 0EEBC1451E7B4DE300E473D0 /* t_Do.mp3 */; };
		0EEBC1491E7B4DE300E473D0 /* t_Re.mp3 in Resources */ = {isa = PBXBuildFile; fileRef = 0EEBC1461E7B4DE300E473D0 /* t_Re.mp3 */; };
		0EEBC14A1E7B4DE300E473D0 /* t_Mi.mp3 in Resources */ = {isa = PBXBuildFile; fileRef = 0EEBC1471E7B4DE300E473D0 /* t_Mi.mp3 */; };
		0EEBC14C1E7B62D400E473D0 /* NoteButtons.swift in Sources */ = {isa = PBXBuildFile; fileRef = 0EEBC14B1E7B62D400E473D0 /* NoteButtons.swift */; };
/* End PBXBuildFile section */

/* Begin PBXFileReference section */
		0E0B62F11E81B96600EE5B80 /* Songs.swift */ = {isa = PBXFileReference; fileEncoding = 4; lastKnownFileType = sourcecode.swift; path = Songs.swift; sourceTree = "<group>"; };
		0E21507A1E7DB19F0011497F /* t_Do.wav */ = {isa = PBXFileReference; lastKnownFileType = audio.wav; path = t_Do.wav; sourceTree = "<group>"; };
		0E21507B1E7DB19F0011497F /* t_Mi.wav */ = {isa = PBXFileReference; lastKnownFileType = audio.wav; path = t_Mi.wav; sourceTree = "<group>"; };
		0E21507C1E7DB19F0011497F /* t_Re.wav */ = {isa = PBXFileReference; lastKnownFileType = audio.wav; path = t_Re.wav; sourceTree = "<group>"; };
		0E2150801E7DC8AC0011497F /* t_Fa.wav */ = {isa = PBXFileReference; lastKnownFileType = audio.wav; path = t_Fa.wav; sourceTree = "<group>"; };
		0E2150821E7DC8B50011497F /* t_So.wav */ = {isa = PBXFileReference; lastKnownFileType = audio.wav; path = t_So.wav; sourceTree = "<group>"; };
		0E2150841E7DC8BB0011497F /* t_La.wav */ = {isa = PBXFileReference; lastKnownFileType = audio.wav; path = t_La.wav; sourceTree = "<group>"; };
		0E2150861E7DC8C20011497F /* t_Ti.wav */ = {isa = PBXFileReference; lastKnownFileType = audio.wav; path = t_Ti.wav; sourceTree = "<group>"; };
		0E2150881E7DC8D50011497F /* t_Do_h.wav */ = {isa = PBXFileReference; lastKnownFileType = audio.wav; path = t_Do_h.wav; sourceTree = "<group>"; };
		0E21508A1E7DC8DF0011497F /* t_Re_h.wav */ = {isa = PBXFileReference; lastKnownFileType = audio.wav; path = t_Re_h.wav; sourceTree = "<group>"; };
		0E21508C1E7DC8E50011497F /* t_Mi_h.wav */ = {isa = PBXFileReference; lastKnownFileType = audio.wav; path = t_Mi_h.wav; sourceTree = "<group>"; };
		0E21508E1E7DC8EC0011497F /* t_Fa_h.wav */ = {isa = PBXFileReference; lastKnownFileType = audio.wav; path = t_Fa_h.wav; sourceTree = "<group>"; };
		0E2150901E7DC8F30011497F /* t_So_h.wav */ = {isa = PBXFileReference; lastKnownFileType = audio.wav; path = t_So_h.wav; sourceTree = "<group>"; };
		0E2150921E7DC8FA0011497F /* t_La_h.wav */ = {isa = PBXFileReference; lastKnownFileType = audio.wav; path = t_La_h.wav; sourceTree = "<group>"; };
		0E2150941E7DC9040011497F /* t_Ti_h.wav */ = {isa = PBXFileReference; lastKnownFileType = audio.wav; path = t_Ti_h.wav; sourceTree = "<group>"; };
		0E2150961E7DE57C0011497F /* ComposedNotes.swift */ = {isa = PBXFileReference; fileEncoding = 4; lastKnownFileType = sourcecode.swift; path = ComposedNotes.swift; sourceTree = "<group>"; };
		0E274B5E1E7F50DF0050E394 /* d_double.wav */ = {isa = PBXFileReference; lastKnownFileType = audio.wav; path = d_double.wav; sourceTree = "<group>"; };
		0E274B601E7F50EC0050E394 /* d_single.wav */ = {isa = PBXFileReference; lastKnownFileType = audio.wav; path = d_single.wav; sourceTree = "<group>"; };
		0E274B621E7F50F60050E394 /* d_triple.wav */ = {isa = PBXFileReference; lastKnownFileType = audio.wav; path = d_triple.wav; sourceTree = "<group>"; };
		0E274B641E7F62960050E394 /* SaxphoneNotes.swift */ = {isa = PBXFileReference; fileEncoding = 4; lastKnownFileType = sourcecode.swift; path = SaxphoneNotes.swift; sourceTree = "<group>"; };
		0E274B661E7F62DE0050E394 /* SaxphoneNoteButtons.swift */ = {isa = PBXFileReference; fileEncoding = 4; lastKnownFileType = sourcecode.swift; path = SaxphoneNoteButtons.swift; sourceTree = "<group>"; };
		0E274B681E7F63300050E394 /* SaxphoneSlots.swift */ = {isa = PBXFileReference; fileEncoding = 4; lastKnownFileType = sourcecode.swift; path = SaxphoneSlots.swift; sourceTree = "<group>"; };
		0E274B6C1E7F7C2B0050E394 /* s_Do_h.wav */ = {isa = PBXFileReference; lastKnownFileType = audio.wav; path = s_Do_h.wav; sourceTree = "<group>"; };
		0E274B6D1E7F7C2B0050E394 /* s_Do.wav */ = {isa = PBXFileReference; lastKnownFileType = audio.wav; path = s_Do.wav; sourceTree = "<group>"; };
		0E274B6E1E7F7C2B0050E394 /* s_Fa_h.wav */ = {isa = PBXFileReference; lastKnownFileType = audio.wav; path = s_Fa_h.wav; sourceTree = "<group>"; };
		0E274B6F1E7F7C2B0050E394 /* s_Fa.wav */ = {isa = PBXFileReference; lastKnownFileType = audio.wav; path = s_Fa.wav; sourceTree = "<group>"; };
		0E274B701E7F7C2B0050E394 /* s_La_h.wav */ = {isa = PBXFileReference; lastKnownFileType = audio.wav; path = s_La_h.wav; sourceTree = "<group>"; };
		0E274B761E7F7C3A0050E394 /* s_La.wav */ = {isa = PBXFileReference; lastKnownFileType = audio.wav; path = s_La.wav; sourceTree = "<group>"; };
		0E274B771E7F7C3A0050E394 /* s_Mi_h.wav */ = {isa = PBXFileReference; lastKnownFileType = audio.wav; path = s_Mi_h.wav; sourceTree = "<group>"; };
		0E274B781E7F7C3A0050E394 /* s_Mi.wav */ = {isa = PBXFileReference; lastKnownFileType = audio.wav; path = s_Mi.wav; sourceTree = "<group>"; };
		0E274B791E7F7C3A0050E394 /* s_Re_h.wav */ = {isa = PBXFileReference; lastKnownFileType = audio.wav; path = s_Re_h.wav; sourceTree = "<group>"; };
		0E274B7E1E7F7C470050E394 /* s_Re.wav */ = {isa = PBXFileReference; lastKnownFileType = audio.wav; path = s_Re.wav; sourceTree = "<group>"; };
		0E274B7F1E7F7C470050E394 /* s_So_h.wav */ = {isa = PBXFileReference; lastKnownFileType = audio.wav; path = s_So_h.wav; sourceTree = "<group>"; };
		0E274B801E7F7C470050E394 /* s_So.wav */ = {isa = PBXFileReference; lastKnownFileType = audio.wav; path = s_So.wav; sourceTree = "<group>"; };
		0E274B811E7F7C470050E394 /* s_Ti_h.wav */ = {isa = PBXFileReference; lastKnownFileType = audio.wav; path = s_Ti_h.wav; sourceTree = "<group>"; };
		0E274B821E7F7C470050E394 /* s_Ti.wav */ = {isa = PBXFileReference; lastKnownFileType = audio.wav; path = s_Ti.wav; sourceTree = "<group>"; };
		0E274B891E8079820050E394 /* Band.swift */ = {isa = PBXFileReference; fileEncoding = 4; lastKnownFileType = sourcecode.swift; path = Band.swift; sourceTree = "<group>"; };
		0E274B8B1E807C970050E394 /* Size.swift */ = {isa = PBXFileReference; fileEncoding = 4; lastKnownFileType = sourcecode.swift; path = Size.swift; sourceTree = "<group>"; };
		0E3673FB1E7C74D7004C4E9F /* TromboneNotes.swift */ = {isa = PBXFileReference; fileEncoding = 4; lastKnownFileType = sourcecode.swift; path = TromboneNotes.swift; sourceTree = "<group>"; };
		0E3673FD1E7C7838004C4E9F /* TromboneNoteButtons.swift */ = {isa = PBXFileReference; fileEncoding = 4; lastKnownFileType = sourcecode.swift; path = TromboneNoteButtons.swift; sourceTree = "<group>"; };
		0E3673FF1E7C7B57004C4E9F /* NoteSlots.swift */ = {isa = PBXFileReference; fileEncoding = 4; lastKnownFileType = sourcecode.swift; path = NoteSlots.swift; sourceTree = "<group>"; };
		0E3674011E7C7D90004C4E9F /* TromboneSlots.swift */ = {isa = PBXFileReference; fileEncoding = 4; lastKnownFileType = sourcecode.swift; path = TromboneSlots.swift; sourceTree = "<group>"; };
		0E3674031E7C8097004C4E9F /* Instruments.swift */ = {isa = PBXFileReference; fileEncoding = 4; lastKnownFileType = sourcecode.swift; path = Instruments.swift; sourceTree = "<group>"; };
		0E50D9DC1E8465EF009C8E3C /* SharedNoneNotes.swift */ = {isa = PBXFileReference; fileEncoding = 4; lastKnownFileType = sourcecode.swift; path = SharedNoneNotes.swift; sourceTree = "<group>"; };
		0E50D9DE1E84B2B9009C8E3C /* InfoView.swift */ = {isa = PBXFileReference; fileEncoding = 4; lastKnownFileType = sourcecode.swift; path = InfoView.swift; sourceTree = "<group>"; };
		0E54E4CB1E870C8D00F9996F /* t_None.wav */ = {isa = PBXFileReference; lastKnownFileType = audio.wav; path = t_None.wav; sourceTree = "<group>"; };
		0E54E4CD1E870C9D00F9996F /* s_None.wav */ = {isa = PBXFileReference; lastKnownFileType = audio.wav; path = s_None.wav; sourceTree = "<group>"; };
		0E54E4CF1E870CA800F9996F /* v_None.wav */ = {isa = PBXFileReference; lastKnownFileType = audio.wav; path = v_None.wav; sourceTree = "<group>"; };
		0E54E4D11E870CBA00F9996F /* d_None.wav */ = {isa = PBXFileReference; lastKnownFileType = audio.wav; path = d_None.wav; sourceTree = "<group>"; };
		0E5F0F5C1E83424E00C32CA8 /* SplashScreen.swift */ = {isa = PBXFileReference; fileEncoding = 4; lastKnownFileType = sourcecode.swift; path = SplashScreen.swift; sourceTree = "<group>"; };
		0E5F95201E85E4360044EC44 /* SheetMusicView.swift */ = {isa = PBXFileReference; fileEncoding = 4; lastKnownFileType = sourcecode.swift; path = SheetMusicView.swift; sourceTree = "<group>"; };
		0E691DBF1E7F14E7000B761A /* EditPannel.swift */ = {isa = PBXFileReference; fileEncoding = 4; lastKnownFileType = sourcecode.swift; path = EditPannel.swift; sourceTree = "<group>"; };
		0E691DC11E7F49B3000B761A /* DrumNotes.swift */ = {isa = PBXFileReference; fileEncoding = 4; lastKnownFileType = sourcecode.swift; path = DrumNotes.swift; sourceTree = "<group>"; };
		0E691DCA1E7F4A62000B761A /* DrumNoteButtons.swift */ = {isa = PBXFileReference; fileEncoding = 4; lastKnownFileType = sourcecode.swift; path = DrumNoteButtons.swift; sourceTree = "<group>"; };
		0E691DCC1E7F4A9C000B761A /* DrumSlots.swift */ = {isa = PBXFileReference; fileEncoding = 4; lastKnownFileType = sourcecode.swift; path = DrumSlots.swift; sourceTree = "<group>"; };
		0E9D96E01E81CD1200EAC043 /* SharedAudioPlayer.swift */ = {isa = PBXFileReference; fileEncoding = 4; lastKnownFileType = sourcecode.swift; path = SharedAudioPlayer.swift; sourceTree = "<group>"; };
		0E9D96E21E81D4B000EAC043 /* clapping.wav */ = {isa = PBXFileReference; lastKnownFileType = audio.wav; path = clapping.wav; sourceTree = "<group>"; };
		0E9D96E41E81DC4D00EAC043 /* LightingView.swift */ = {isa = PBXFileReference; fileEncoding = 4; lastKnownFileType = sourcecode.swift; path = LightingView.swift; sourceTree = "<group>"; };
		0EE481231E8456E200DF746A /* v_Do_h.wav */ = {isa = PBXFileReference; lastKnownFileType = audio.wav; path = v_Do_h.wav; sourceTree = "<group>"; };
		0EE481241E8456E200DF746A /* v_Do.wav */ = {isa = PBXFileReference; lastKnownFileType = audio.wav; path = v_Do.wav; sourceTree = "<group>"; };
		0EE481251E8456E200DF746A /* v_Fa_h.wav */ = {isa = PBXFileReference; lastKnownFileType = audio.wav; path = v_Fa_h.wav; sourceTree = "<group>"; };
		0EE481261E8456E200DF746A /* v_Fa.wav */ = {isa = PBXFileReference; lastKnownFileType = audio.wav; path = v_Fa.wav; sourceTree = "<group>"; };
		0EE481271E8456E200DF746A /* v_La_h.wav */ = {isa = PBXFileReference; lastKnownFileType = audio.wav; path = v_La_h.wav; sourceTree = "<group>"; };
		0EE481281E8456E200DF746A /* v_La.wav */ = {isa = PBXFileReference; lastKnownFileType = audio.wav; path = v_La.wav; sourceTree = "<group>"; };
		0EE481291E8456E200DF746A /* v_Mi_h.wav */ = {isa = PBXFileReference; lastKnownFileType = audio.wav; path = v_Mi_h.wav; sourceTree = "<group>"; };
		0EE4812A1E8456E200DF746A /* v_Mi.wav */ = {isa = PBXFileReference; lastKnownFileType = audio.wav; path = v_Mi.wav; sourceTree = "<group>"; };
		0EE4812B1E8456E200DF746A /* v_Re_h.wav */ = {isa = PBXFileReference; lastKnownFileType = audio.wav; path = v_Re_h.wav; sourceTree = "<group>"; };
		0EE4812C1E8456E200DF746A /* v_Re.wav */ = {isa = PBXFileReference; lastKnownFileType = audio.wav; path = v_Re.wav; sourceTree = "<group>"; };
		0EE4812D1E8456E200DF746A /* v_So_h.wav */ = {isa = PBXFileReference; lastKnownFileType = audio.wav; path = v_So_h.wav; sourceTree = "<group>"; };
		0EE4812E1E8456E200DF746A /* v_So.wav */ = {isa = PBXFileReference; lastKnownFileType = audio.wav; path = v_So.wav; sourceTree = "<group>"; };
		0EE4812F1E8456E200DF746A /* v_Ti_h.wav */ = {isa = PBXFileReference; lastKnownFileType = audio.wav; path = v_Ti_h.wav; sourceTree = "<group>"; };
		0EE481301E8456E200DF746A /* v_Ti.wav */ = {isa = PBXFileReference; lastKnownFileType = audio.wav; path = v_Ti.wav; sourceTree = "<group>"; };
		0EE481411E8457B500DF746A /* ViolinNotes.swift */ = {isa = PBXFileReference; fileEncoding = 4; lastKnownFileType = sourcecode.swift; path = ViolinNotes.swift; sourceTree = "<group>"; };
		0EE481431E84584100DF746A /* ViolinNoteButtons.swift */ = {isa = PBXFileReference; fileEncoding = 4; lastKnownFileType = sourcecode.swift; path = ViolinNoteButtons.swift; sourceTree = "<group>"; };
		0EE481451E8458CE00DF746A /* ViolinSlots.swift */ = {isa = PBXFileReference; fileEncoding = 4; lastKnownFileType = sourcecode.swift; path = ViolinSlots.swift; sourceTree = "<group>"; };
		0EEBC12E1E7B4B8400E473D0 /* band.app */ = {isa = PBXFileReference; explicitFileType = wrapper.application; includeInIndex = 0; path = band.app; sourceTree = BUILT_PRODUCTS_DIR; };
		0EEBC1311E7B4B8400E473D0 /* AppDelegate.swift */ = {isa = PBXFileReference; lastKnownFileType = sourcecode.swift; path = AppDelegate.swift; sourceTree = "<group>"; };
		0EEBC1331E7B4B8400E473D0 /* ViewController.swift */ = {isa = PBXFileReference; lastKnownFileType = sourcecode.swift; path = ViewController.swift; sourceTree = "<group>"; };
		0EEBC1361E7B4B8400E473D0 /* Base */ = {isa = PBXFileReference; lastKnownFileType = file.storyboard; name = Base; path = Base.lproj/Main.storyboard; sourceTree = "<group>"; };
		0EEBC1381E7B4B8400E473D0 /* Assets.xcassets */ = {isa = PBXFileReference; lastKnownFileType = folder.assetcatalog; path = Assets.xcassets; sourceTree = "<group>"; };
		0EEBC13B1E7B4B8400E473D0 /* Base */ = {isa = PBXFileReference; lastKnownFileType = file.storyboard; name = Base; path = Base.lproj/LaunchScreen.storyboard; sourceTree = "<group>"; };
		0EEBC13D1E7B4B8400E473D0 /* Info.plist */ = {isa = PBXFileReference; lastKnownFileType = text.plist.xml; path = Info.plist; sourceTree = "<group>"; };
		0EEBC1431E7B4CE500E473D0 /* Notes.swift */ = {isa = PBXFileReference; fileEncoding = 4; lastKnownFileType = sourcecode.swift; path = Notes.swift; sourceTree = "<group>"; };
		0EEBC1451E7B4DE300E473D0 /* t_Do.mp3 */ = {isa = PBXFileReference; lastKnownFileType = audio.mp3; path = t_Do.mp3; sourceTree = "<group>"; };
		0EEBC1461E7B4DE300E473D0 /* t_Re.mp3 */ = {isa = PBXFileReference; lastKnownFileType = audio.mp3; path = t_Re.mp3; sourceTree = "<group>"; };
		0EEBC1471E7B4DE300E473D0 /* t_Mi.mp3 */ = {isa = PBXFileReference; lastKnownFileType = audio.mp3; path = t_Mi.mp3; sourceTree = "<group>"; };
		0EEBC14B1E7B62D400E473D0 /* NoteButtons.swift */ = {isa = PBXFileReference; fileEncoding = 4; lastKnownFileType = sourcecode.swift; path = NoteButtons.swift; sourceTree = "<group>"; };
/* End PBXFileReference section */

/* Begin PBXFrameworksBuildPhase section */
		0EEBC12B1E7B4B8400E473D0 /* Frameworks */ = {
			isa = PBXFrameworksBuildPhase;
			buildActionMask = 2147483647;
			files = (
			);
			runOnlyForDeploymentPostprocessing = 0;
		};
/* End PBXFrameworksBuildPhase section */

/* Begin PBXGroup section */
		0E21509B1E7DE65F0011497F /* TromboneSoundFiles */ = {
			isa = PBXGroup;
			children = (
				0E54E4CB1E870C8D00F9996F /* t_None.wav */,
				0EEBC1451E7B4DE300E473D0 /* t_Do.mp3 */,
				0EEBC1461E7B4DE300E473D0 /* t_Re.mp3 */,
				0EEBC1471E7B4DE300E473D0 /* t_Mi.mp3 */,
				0E21507A1E7DB19F0011497F /* t_Do.wav */,
				0E21507B1E7DB19F0011497F /* t_Mi.wav */,
				0E21507C1E7DB19F0011497F /* t_Re.wav */,
				0E2150801E7DC8AC0011497F /* t_Fa.wav */,
				0E2150821E7DC8B50011497F /* t_So.wav */,
				0E2150841E7DC8BB0011497F /* t_La.wav */,
				0E2150861E7DC8C20011497F /* t_Ti.wav */,
				0E2150881E7DC8D50011497F /* t_Do_h.wav */,
				0E21508A1E7DC8DF0011497F /* t_Re_h.wav */,
				0E21508C1E7DC8E50011497F /* t_Mi_h.wav */,
				0E21508E1E7DC8EC0011497F /* t_Fa_h.wav */,
				0E2150901E7DC8F30011497F /* t_So_h.wav */,
				0E2150921E7DC8FA0011497F /* t_La_h.wav */,
				0E2150941E7DC9040011497F /* t_Ti_h.wav */,
			);
			name = TromboneSoundFiles;
			sourceTree = "<group>";
		};
		0E274B881E7F7C5C0050E394 /* SaxphoneSoundFiles */ = {
			isa = PBXGroup;
			children = (
				0E54E4CD1E870C9D00F9996F /* s_None.wav */,
				0E274B6C1E7F7C2B0050E394 /* s_Do_h.wav */,
				0E274B6D1E7F7C2B0050E394 /* s_Do.wav */,
				0E274B761E7F7C3A0050E394 /* s_La.wav */,
				0E274B771E7F7C3A0050E394 /* s_Mi_h.wav */,
				0E274B781E7F7C3A0050E394 /* s_Mi.wav */,
				0E274B791E7F7C3A0050E394 /* s_Re_h.wav */,
				0E274B6E1E7F7C2B0050E394 /* s_Fa_h.wav */,
				0E274B6F1E7F7C2B0050E394 /* s_Fa.wav */,
				0E274B701E7F7C2B0050E394 /* s_La_h.wav */,
				0E274B7E1E7F7C470050E394 /* s_Re.wav */,
				0E274B7F1E7F7C470050E394 /* s_So_h.wav */,
				0E274B801E7F7C470050E394 /* s_So.wav */,
				0E274B811E7F7C470050E394 /* s_Ti_h.wav */,
				0E274B821E7F7C470050E394 /* s_Ti.wav */,
			);
			name = SaxphoneSoundFiles;
			sourceTree = "<group>";
		};
		0E691DC91E7F4A38000B761A /* DrumSoundFiles */ = {
			isa = PBXGroup;
			children = (
				0E54E4D11E870CBA00F9996F /* d_None.wav */,
				0E274B601E7F50EC0050E394 /* d_single.wav */,
				0E274B5E1E7F50DF0050E394 /* d_double.wav */,
				0E274B621E7F50F60050E394 /* d_triple.wav */,
			);
			name = DrumSoundFiles;
			sourceTree = "<group>";
		};
		0EE481221E8456BC00DF746A /* ViolinSoundFiles */ = {
			isa = PBXGroup;
			children = (
				0E54E4CF1E870CA800F9996F /* v_None.wav */,
				0EE481231E8456E200DF746A /* v_Do_h.wav */,
				0EE481241E8456E200DF746A /* v_Do.wav */,
				0EE481251E8456E200DF746A /* v_Fa_h.wav */,
				0EE481261E8456E200DF746A /* v_Fa.wav */,
				0EE481271E8456E200DF746A /* v_La_h.wav */,
				0EE481281E8456E200DF746A /* v_La.wav */,
				0EE481291E8456E200DF746A /* v_Mi_h.wav */,
				0EE4812A1E8456E200DF746A /* v_Mi.wav */,
				0EE4812B1E8456E200DF746A /* v_Re_h.wav */,
				0EE4812C1E8456E200DF746A /* v_Re.wav */,
				0EE4812D1E8456E200DF746A /* v_So_h.wav */,
				0EE4812E1E8456E200DF746A /* v_So.wav */,
				0EE4812F1E8456E200DF746A /* v_Ti_h.wav */,
				0EE481301E8456E200DF746A /* v_Ti.wav */,
			);
			name = ViolinSoundFiles;
			sourceTree = "<group>";
		};
		0EEBC1251E7B4B8300E473D0 = {
			isa = PBXGroup;
			children = (
				0EEBC1301E7B4B8400E473D0 /* band */,
				0EEBC12F1E7B4B8400E473D0 /* Products */,
			);
			sourceTree = "<group>";
		};
		0EEBC12F1E7B4B8400E473D0 /* Products */ = {
			isa = PBXGroup;
			children = (
				0EEBC12E1E7B4B8400E473D0 /* band.app */,
			);
			name = Products;
			sourceTree = "<group>";
		};
		0EEBC1301E7B4B8400E473D0 /* band */ = {
			isa = PBXGroup;
			children = (
				0EEBC1311E7B4B8400E473D0 /* AppDelegate.swift */,
				0EEBC1331E7B4B8400E473D0 /* ViewController.swift */,
				0EEBC1351E7B4B8400E473D0 /* Main.storyboard */,
				0EEBC1431E7B4CE500E473D0 /* Notes.swift */,
				0E274B891E8079820050E394 /* Band.swift */,
				0E691DBF1E7F14E7000B761A /* EditPannel.swift */,
				0E5F95201E85E4360044EC44 /* SheetMusicView.swift */,
				0EEBC14B1E7B62D400E473D0 /* NoteButtons.swift */,
				0E3673FF1E7C7B57004C4E9F /* NoteSlots.swift */,
				0E2150961E7DE57C0011497F /* ComposedNotes.swift */,
				0E3674011E7C7D90004C4E9F /* TromboneSlots.swift */,
				0E691DCC1E7F4A9C000B761A /* DrumSlots.swift */,
				0E274B681E7F63300050E394 /* SaxphoneSlots.swift */,
				0EE481451E8458CE00DF746A /* ViolinSlots.swift */,
				0E3673FD1E7C7838004C4E9F /* TromboneNoteButtons.swift */,
				0E691DCA1E7F4A62000B761A /* DrumNoteButtons.swift */,
				0E274B661E7F62DE0050E394 /* SaxphoneNoteButtons.swift */,
				0EE481431E84584100DF746A /* ViolinNoteButtons.swift */,
				0E3673FB1E7C74D7004C4E9F /* TromboneNotes.swift */,
				0E691DC11E7F49B3000B761A /* DrumNotes.swift */,
				0E274B641E7F62960050E394 /* SaxphoneNotes.swift */,
				0EE481411E8457B500DF746A /* ViolinNotes.swift */,
				0E3674031E7C8097004C4E9F /* Instruments.swift */,
				0E274B8B1E807C970050E394 /* Size.swift */,
				0E0B62F11E81B96600EE5B80 /* Songs.swift */,
				0E9D96E01E81CD1200EAC043 /* SharedAudioPlayer.swift */,
				0E50D9DC1E8465EF009C8E3C /* SharedNoneNotes.swift */,
				0E5F0F5C1E83424E00C32CA8 /* SplashScreen.swift */,
				0E50D9DE1E84B2B9009C8E3C /* InfoView.swift */,
				0E9D96E41E81DC4D00EAC043 /* LightingView.swift */,
				0EEBC1381E7B4B8400E473D0 /* Assets.xcassets */,
				0EEBC13A1E7B4B8400E473D0 /* LaunchScreen.storyboard */,
				0E9D96E21E81D4B000EAC043 /* clapping.wav */,
				0EE481221E8456BC00DF746A /* ViolinSoundFiles */,
				0E274B881E7F7C5C0050E394 /* SaxphoneSoundFiles */,
				0E691DC91E7F4A38000B761A /* DrumSoundFiles */,
				0E21509B1E7DE65F0011497F /* TromboneSoundFiles */,
				0EEBC13D1E7B4B8400E473D0 /* Info.plist */,
			);
			path = band;
			sourceTree = "<group>";
		};
/* End PBXGroup section */

/* Begin PBXNativeTarget section */
		0EEBC12D1E7B4B8400E473D0 /* band */ = {
			isa = PBXNativeTarget;
			buildConfigurationList = 0EEBC1401E7B4B8400E473D0 /* Build configuration list for PBXNativeTarget "band" */;
			buildPhases = (
				0EEBC12A1E7B4B8400E473D0 /* Sources */,
				0EEBC12B1E7B4B8400E473D0 /* Frameworks */,
				0EEBC12C1E7B4B8400E473D0 /* Resources */,
			);
			buildRules = (
			);
			dependencies = (
			);
			name = band;
			productName = band;
			productReference = 0EEBC12E1E7B4B8400E473D0 /* band.app */;
			productType = "com.apple.product-type.application";
		};
/* End PBXNativeTarget section */

/* Begin PBXProject section */
		0EEBC1261E7B4B8300E473D0 /* Project object */ = {
			isa = PBXProject;
			attributes = {
				LastSwiftUpdateCheck = 0820;
				LastUpgradeCheck = 0820;
				ORGANIZATIONNAME = "Isabel  Lee";
				TargetAttributes = {
					0EEBC12D1E7B4B8400E473D0 = {
						CreatedOnToolsVersion = 8.2.1;
						ProvisioningStyle = Automatic;
					};
				};
			};
			buildConfigurationList = 0EEBC1291E7B4B8300E473D0 /* Build configuration list for PBXProject "band" */;
			compatibilityVersion = "Xcode 3.2";
			developmentRegion = English;
			hasScannedForEncodings = 0;
			knownRegions = (
				en,
				Base,
			);
			mainGroup = 0EEBC1251E7B4B8300E473D0;
			productRefGroup = 0EEBC12F1E7B4B8400E473D0 /* Products */;
			projectDirPath = "";
			projectRoot = "";
			targets = (
				0EEBC12D1E7B4B8400E473D0 /* band */,
			);
		};
/* End PBXProject section */

/* Begin PBXResourcesBuildPhase section */
		0EEBC12C1E7B4B8400E473D0 /* Resources */ = {
			isa = PBXResourcesBuildPhase;
			buildActionMask = 2147483647;
			files = (
				0EE4813B1E8456E200DF746A /* v_So_h.wav in Resources */,
				0E2150851E7DC8BB0011497F /* t_La.wav in Resources */,
				0EE481321E8456E200DF746A /* v_Do.wav in Resources */,
				0E2150811E7DC8AC0011497F /* t_Fa.wav in Resources */,
				0E2150871E7DC8C20011497F /* t_Ti.wav in Resources */,
				0E274B7A1E7F7C3A0050E394 /* s_La.wav in Resources */,
				0EEBC14A1E7B4DE300E473D0 /* t_Mi.mp3 in Resources */,
				0E274B631E7F50F60050E394 /* d_triple.wav in Resources */,
				0E274B861E7F7C470050E394 /* s_Ti_h.wav in Resources */,
				0E54E4D21E870CBA00F9996F /* d_None.wav in Resources */,
				0EE481331E8456E200DF746A /* v_Fa_h.wav in Resources */,
				0EEBC13C1E7B4B8400E473D0 /* LaunchScreen.storyboard in Resources */,
				0EEBC1491E7B4DE300E473D0 /* t_Re.mp3 in Resources */,
				0E21508D1E7DC8E50011497F /* t_Mi_h.wav in Resources */,
				0E274B851E7F7C470050E394 /* s_So.wav in Resources */,
				0E274B721E7F7C2B0050E394 /* s_Do.wav in Resources */,
				0EE481341E8456E200DF746A /* v_Fa.wav in Resources */,
				0EE4813C1E8456E200DF746A /* v_So.wav in Resources */,
				0EE481311E8456E200DF746A /* v_Do_h.wav in Resources */,
				0E54E4D01E870CA800F9996F /* v_None.wav in Resources */,
				0E274B5F1E7F50DF0050E394 /* d_double.wav in Resources */,
				0EEBC1391E7B4B8400E473D0 /* Assets.xcassets in Resources */,
				0EE481361E8456E200DF746A /* v_La.wav in Resources */,
				0E274B7C1E7F7C3A0050E394 /* s_Mi.wav in Resources */,
				0E2150931E7DC8FA0011497F /* t_La_h.wav in Resources */,
				0E274B731E7F7C2B0050E394 /* s_Fa_h.wav in Resources */,
				0EE481371E8456E200DF746A /* v_Mi_h.wav in Resources */,
				0E274B741E7F7C2B0050E394 /* s_Fa.wav in Resources */,
				0E2150831E7DC8B50011497F /* t_So.wav in Resources */,
				0E274B841E7F7C470050E394 /* s_So_h.wav in Resources */,
				0E54E4CE1E870C9D00F9996F /* s_None.wav in Resources */,
				0E274B7B1E7F7C3A0050E394 /* s_Mi_h.wav in Resources */,
				0EE4813A1E8456E200DF746A /* v_Re.wav in Resources */,
				0EE4813D1E8456E200DF746A /* v_Ti_h.wav in Resources */,
				0E274B611E7F50EC0050E394 /* d_single.wav in Resources */,
				0EEBC1481E7B4DE300E473D0 /* t_Do.mp3 in Resources */,
				0E274B711E7F7C2B0050E394 /* s_Do_h.wav in Resources */,
				0EE481391E8456E200DF746A /* v_Re_h.wav in Resources */,
				0E21507E1E7DB19F0011497F /* t_Mi.wav in Resources */,
				0E21507F1E7DB19F0011497F /* t_Re.wav in Resources */,
				0EE4813E1E8456E200DF746A /* v_Ti.wav in Resources */,
				0E54E4CC1E870C8D00F9996F /* t_None.wav in Resources */,
				0E9D96E31E81D4B000EAC043 /* clapping.wav in Resources */,
				0E2150951E7DC9040011497F /* t_Ti_h.wav in Resources */,
				0E21508F1E7DC8EC0011497F /* t_Fa_h.wav in Resources */,
				0E21507D1E7DB19F0011497F /* t_Do.wav in Resources */,
				0E274B7D1E7F7C3A0050E394 /* s_Re_h.wav in Resources */,
				0EEBC1371E7B4B8400E473D0 /* Main.storyboard in Resources */,
				0EE481381E8456E200DF746A /* v_Mi.wav in Resources */,
				0E21508B1E7DC8DF0011497F /* t_Re_h.wav in Resources */,
				0E274B871E7F7C470050E394 /* s_Ti.wav in Resources */,
				0E2150911E7DC8F30011497F /* t_So_h.wav in Resources */,
				0E274B831E7F7C470050E394 /* s_Re.wav in Resources */,
				0EE481351E8456E200DF746A /* v_La_h.wav in Resources */,
				0E2150891E7DC8D50011497F /* t_Do_h.wav in Resources */,
				0E274B751E7F7C2B0050E394 /* s_La_h.wav in Resources */,
			);
			runOnlyForDeploymentPostprocessing = 0;
		};
/* End PBXResourcesBuildPhase section */

/* Begin PBXSourcesBuildPhase section */
		0EEBC12A1E7B4B8400E473D0 /* Sources */ = {
			isa = PBXSourcesBuildPhase;
			buildActionMask = 2147483647;
			files = (
				0E0B62F21E81B96600EE5B80 /* Songs.swift in Sources */,
				0E9D96E11E81CD1200EAC043 /* SharedAudioPlayer.swift in Sources */,
				0EEBC1341E7B4B8400E473D0 /* ViewController.swift in Sources */,
				0E3674021E7C7D90004C4E9F /* TromboneSlots.swift in Sources */,
				0E9D96E51E81DC4D00EAC043 /* LightingView.swift in Sources */,
				0EEBC14C1E7B62D400E473D0 /* NoteButtons.swift in Sources */,
				0E274B691E7F63300050E394 /* SaxphoneSlots.swift in Sources */,
				0E274B651E7F62960050E394 /* SaxphoneNotes.swift in Sources */,
				0E2150971E7DE57C0011497F /* ComposedNotes.swift in Sources */,
				0E274B8A1E8079820050E394 /* Band.swift in Sources */,
				0EEBC1321E7B4B8400E473D0 /* AppDelegate.swift in Sources */,
				0E691DCD1E7F4A9C000B761A /* DrumSlots.swift in Sources */,
				0E691DC01E7F14E7000B761A /* EditPannel.swift in Sources */,
				0E274B8C1E807C970050E394 /* Size.swift in Sources */,
				0EE481421E8457B500DF746A /* ViolinNotes.swift in Sources */,
				0E3674001E7C7B57004C4E9F /* NoteSlots.swift in Sources */,
				0E3673FC1E7C74D7004C4E9F /* TromboneNotes.swift in Sources */,
				0EEBC1441E7B4CE500E473D0 /* Notes.swift in Sources */,
				0EE481441E84584100DF746A /* ViolinNoteButtons.swift in Sources */,
				0E5F0F5D1E83424E00C32CA8 /* SplashScreen.swift in Sources */,
				0E50D9DF1E84B2B9009C8E3C /* InfoView.swift in Sources */,
				0E50D9DD1E8465EF009C8E3C /* SharedNoneNotes.swift in Sources */,
				0EE481461E8458CE00DF746A /* ViolinSlots.swift in Sources */,
				0E3674041E7C8097004C4E9F /* Instruments.swift in Sources */,
				0E3673FE1E7C7838004C4E9F /* TromboneNoteButtons.swift in Sources */,
				0E691DC21E7F49B3000B761A /* DrumNotes.swift in Sources */,
				0E5F95211E85E4360044EC44 /* SheetMusicView.swift in Sources */,
				0E691DCB1E7F4A62000B761A /* DrumNoteButtons.swift in Sources */,
				0E274B671E7F62DE0050E394 /* SaxphoneNoteButtons.swift in Sources */,
			);
			runOnlyForDeploymentPostprocessing = 0;
		};
/* End PBXSourcesBuildPhase section */

/* Begin PBXVariantGroup section */
		0EEBC1351E7B4B8400E473D0 /* Main.storyboard */ = {
			isa = PBXVariantGroup;
			children = (
				0EEBC1361E7B4B8400E473D0 /* Base */,
			);
			name = Main.storyboard;
			sourceTree = "<group>";
		};
		0EEBC13A1E7B4B8400E473D0 /* LaunchScreen.storyboard */ = {
			isa = PBXVariantGroup;
			children = (
				0EEBC13B1E7B4B8400E473D0 /* Base */,
			);
			name = LaunchScreen.storyboard;
			sourceTree = "<group>";
		};
/* End PBXVariantGroup section */

/* Begin XCBuildConfiguration section */
		0EEBC13E1E7B4B8400E473D0 /* Debug */ = {
			isa = XCBuildConfiguration;
			buildSettings = {
				ALWAYS_SEARCH_USER_PATHS = NO;
				CLANG_ANALYZER_NONNULL = YES;
				CLANG_CXX_LANGUAGE_STANDARD = "gnu++0x";
				CLANG_CXX_LIBRARY = "libc++";
				CLANG_ENABLE_MODULES = YES;
				CLANG_ENABLE_OBJC_ARC = YES;
				CLANG_WARN_BOOL_CONVERSION = YES;
				CLANG_WARN_CONSTANT_CONVERSION = YES;
				CLANG_WARN_DIRECT_OBJC_ISA_USAGE = YES_ERROR;
				CLANG_WARN_DOCUMENTATION_COMMENTS = YES;
				CLANG_WARN_EMPTY_BODY = YES;
				CLANG_WARN_ENUM_CONVERSION = YES;
				CLANG_WARN_INFINITE_RECURSION = YES;
				CLANG_WARN_INT_CONVERSION = YES;
				CLANG_WARN_OBJC_ROOT_CLASS = YES_ERROR;
				CLANG_WARN_SUSPICIOUS_MOVE = YES;
				CLANG_WARN_UNREACHABLE_CODE = YES;
				CLANG_WARN__DUPLICATE_METHOD_MATCH = YES;
				"CODE_SIGN_IDENTITY[sdk=iphoneos*]" = "iPhone Developer";
				COPY_PHASE_STRIP = NO;
				DEBUG_INFORMATION_FORMAT = dwarf;
				ENABLE_STRICT_OBJC_MSGSEND = YES;
				ENABLE_TESTABILITY = YES;
				GCC_C_LANGUAGE_STANDARD = gnu99;
				GCC_DYNAMIC_NO_PIC = NO;
				GCC_NO_COMMON_BLOCKS = YES;
				GCC_OPTIMIZATION_LEVEL = 0;
				GCC_PREPROCESSOR_DEFINITIONS = (
					"DEBUG=1",
					"$(inherited)",
				);
				GCC_WARN_64_TO_32_BIT_CONVERSION = YES;
				GCC_WARN_ABOUT_RETURN_TYPE = YES_ERROR;
				GCC_WARN_UNDECLARED_SELECTOR = YES;
				GCC_WARN_UNINITIALIZED_AUTOS = YES_AGGRESSIVE;
				GCC_WARN_UNUSED_FUNCTION = YES;
				GCC_WARN_UNUSED_VARIABLE = YES;
				IPHONEOS_DEPLOYMENT_TARGET = 10.2;
				MTL_ENABLE_DEBUG_INFO = YES;
				ONLY_ACTIVE_ARCH = YES;
				SDKROOT = iphoneos;
				SWIFT_ACTIVE_COMPILATION_CONDITIONS = DEBUG;
				SWIFT_OPTIMIZATION_LEVEL = "-Onone";
				TARGETED_DEVICE_FAMILY = "1,2";
			};
			name = Debug;
		};
		0EEBC13F1E7B4B8400E473D0 /* Release */ = {
			isa = XCBuildConfiguration;
			buildSettings = {
				ALWAYS_SEARCH_USER_PATHS = NO;
				CLANG_ANALYZER_NONNULL = YES;
				CLANG_CXX_LANGUAGE_STANDARD = "gnu++0x";
				CLANG_CXX_LIBRARY = "libc++";
				CLANG_ENABLE_MODULES = YES;
				CLANG_ENABLE_OBJC_ARC = YES;
				CLANG_WARN_BOOL_CONVERSION = YES;
				CLANG_WARN_CONSTANT_CONVERSION = YES;
				CLANG_WARN_DIRECT_OBJC_ISA_USAGE = YES_ERROR;
				CLANG_WARN_DOCUMENTATION_COMMENTS = YES;
				CLANG_WARN_EMPTY_BODY = YES;
				CLANG_WARN_ENUM_CONVERSION = YES;
				CLANG_WARN_INFINITE_RECURSION = YES;
				CLANG_WARN_INT_CONVERSION = YES;
				CLANG_WARN_OBJC_ROOT_CLASS = YES_ERROR;
				CLANG_WARN_SUSPICIOUS_MOVE = YES;
				CLANG_WARN_UNREACHABLE_CODE = YES;
				CLANG_WARN__DUPLICATE_METHOD_MATCH = YES;
				"CODE_SIGN_IDENTITY[sdk=iphoneos*]" = "iPhone Developer";
				COPY_PHASE_STRIP = NO;
				DEBUG_INFORMATION_FORMAT = "dwarf-with-dsym";
				ENABLE_NS_ASSERTIONS = NO;
				ENABLE_STRICT_OBJC_MSGSEND = YES;
				GCC_C_LANGUAGE_STANDARD = gnu99;
				GCC_NO_COMMON_BLOCKS = YES;
				GCC_WARN_64_TO_32_BIT_CONVERSION = YES;
				GCC_WARN_ABOUT_RETURN_TYPE = YES_ERROR;
				GCC_WARN_UNDECLARED_SELECTOR = YES;
				GCC_WARN_UNINITIALIZED_AUTOS = YES_AGGRESSIVE;
				GCC_WARN_UNUSED_FUNCTION = YES;
				GCC_WARN_UNUSED_VARIABLE = YES;
				IPHONEOS_DEPLOYMENT_TARGET = 10.2;
				MTL_ENABLE_DEBUG_INFO = NO;
				SDKROOT = iphoneos;
				SWIFT_OPTIMIZATION_LEVEL = "-Owholemodule";
				TARGETED_DEVICE_FAMILY = "1,2";
				VALIDATE_PRODUCT = YES;
			};
			name = Release;
		};
		0EEBC1411E7B4B8400E473D0 /* Debug */ = {
			isa = XCBuildConfiguration;
			buildSettings = {
				ASSETCATALOG_COMPILER_APPICON_NAME = AppIcon;
				INFOPLIST_FILE = band/Info.plist;
				LD_RUNPATH_SEARCH_PATHS = "$(inherited) @executable_path/Frameworks";
				PRODUCT_BUNDLE_IDENTIFIER = "isabel-Lee.band";
				PRODUCT_NAME = "$(TARGET_NAME)";
				SWIFT_VERSION = 3.0;
			};
			name = Debug;
		};
		0EEBC1421E7B4B8400E473D0 /* Release */ = {
			isa = XCBuildConfiguration;
			buildSettings = {
				ASSETCATALOG_COMPILER_APPICON_NAME = AppIcon;
				INFOPLIST_FILE = band/Info.plist;
				LD_RUNPATH_SEARCH_PATHS = "$(inherited) @executable_path/Frameworks";
				PRODUCT_BUNDLE_IDENTIFIER = "isabel-Lee.band";
				PRODUCT_NAME = "$(TARGET_NAME)";
				SWIFT_VERSION = 3.0;
			};
			name = Release;
		};
/* End XCBuildConfiguration section */

/* Begin XCConfigurationList section */
		0EEBC1291E7B4B8300E473D0 /* Build configuration list for PBXProject "band" */ = {
			isa = XCConfigurationList;
			buildConfigurations = (
				0EEBC13E1E7B4B8400E473D0 /* Debug */,
				0EEBC13F1E7B4B8400E473D0 /* Release */,
			);
			defaultConfigurationIsVisible = 0;
			defaultConfigurationName = Release;
		};
		0EEBC1401E7B4B8400E473D0 /* Build configuration list for PBXNativeTarget "band" */ = {
			isa = XCConfigurationList;
			buildConfigurations = (
				0EEBC1411E7B4B8400E473D0 /* Debug */,
				0EEBC1421E7B4B8400E473D0 /* Release */,
			);
			defaultConfigurationIsVisible = 0;
			defaultConfigurationName = Release;
		};
/* End XCConfigurationList section */
	};
	rootObject = 0EEBC1261E7B4B8300E473D0 /* Project object */;
}
